
Microsoft Visual Studio Solution File, Format Version 12.00
# Visual Studio Version 17
VisualStudioVersion = 17.12.35527.113 d17.12
MinimumVisualStudioVersion = 10.0.40219.1
Project("{FAE04EC0-301F-11D3-BF4B-00C04F79EFBC}") = "PasswordGenerator", "PasswordGenerator\PasswordGenerator.csproj", "{C18A1CA6-5DCA-48FF-94C3-3E302E435265}"
EndProject
Project("{FAE04EC0-301F-11D3-BF4B-00C04F79EFBC}") = "PasswordGenerator.Domain", "PasswordGenerator.Domain\PasswordGenerator.Domain.csproj", "{D068F34C-3563-4436-B8A0-043D6AA6F18F}"
EndProject
Global
	GlobalSection(SolutionConfigurationPlatforms) = preSolution
		Debug|Any CPU = Debug|Any CPU
		Release|Any CPU = Release|Any CPU
	EndGlobalSection
	GlobalSection(ProjectConfigurationPlatforms) = postSolution
		{C18A1CA6-5DCA-48FF-94C3-3E302E435265}.Debug|Any CPU.ActiveCfg = Debug|Any CPU
		{C18A1CA6-5DCA-48FF-94C3-3E302E435265}.Debug|Any CPU.Build.0 = Debug|Any CPU
		{C18A1CA6-5DCA-48FF-94C3-3E302E435265}.Release|Any CPU.ActiveCfg = Release|Any CPU
		{C18A1CA6-5DCA-48FF-94C3-3E302E435265}.Release|Any CPU.Build.0 = Release|Any CPU
		{D068F34C-3563-4436-B8A0-043D6AA6F18F}.Debug|Any CPU.ActiveCfg = Debug|Any CPU
		{D068F34C-3563-4436-B8A0-043D6AA6F18F}.Debug|Any CPU.Build.0 = Debug|Any CPU
		{D068F34C-3563-4436-B8A0-043D6AA6F18F}.Release|Any CPU.ActiveCfg = Release|Any CPU
		{D068F34C-3563-4436-B8A0-043D6AA6F18F}.Release|Any CPU.Build.0 = Release|Any CPU
	EndGlobalSection
	GlobalSection(SolutionProperties) = preSolution
		HideSolutionNode = FALSE
	EndGlobalSection
EndGlobal
