
Microsoft Visual Studio Solution File, Format Version 12.00
# Visual Studio Version 17
VisualStudioVersion = 17.12.35527.113
MinimumVisualStudioVersion = 10.0.40219.1
Project("{FAE04EC0-301F-11D3-BF4B-00C04F79EFBC}") = "PasswordGenerator", "PasswordGenerator\PasswordGenerator.csproj", "{C18A1CA6-5DCA-48FF-94C3-3E302E435265}"
EndProject
Project("{FAE04EC0-301F-11D3-BF4B-00C04F79EFBC}") = "PasswordGenerator.Model", "PasswordGenerator.Model\PasswordGenerator.Model.csproj", "{3A19781E-2816-4302-9150-50DC8352D17B}"
EndProject
Project("{FAE04EC0-301F-11D3-BF4B-00C04F79EFBC}") = "PasswordGenerator.Services", "PasswordGenerator.Services\PasswordGenerator.Services.csproj", "{DB37F78F-A8A1-4ABA-B368-00E5949A6527}"
EndProject
Project("{FAE04EC0-301F-11D3-BF4B-00C04F79EFBC}") = "PasswordGenerator.Test", "PasswordGenerator.Test\PasswordGenerator.Test.csproj", "{ADD55EFE-9064-4E23-A56A-96296CFB67EF}"
EndProject
Project("{FAE04EC0-301F-11D3-BF4B-00C04F79EFBC}") = "PasswordGenerator.DAL", "PasswordGenerator.DAL\PasswordGenerator.DAL.csproj", "{7A6B5401-FADF-4856-8EC6-3DEC944DE2AC}"
EndProject
Global
	GlobalSection(SolutionConfigurationPlatforms) = preSolution
		Debug|Any CPU = Debug|Any CPU
		Release|Any CPU = Release|Any CPU
	EndGlobalSection
	GlobalSection(ProjectConfigurationPlatforms) = postSolution
		{C18A1CA6-5DCA-48FF-94C3-3E302E435265}.Debug|Any CPU.ActiveCfg = Debug|Any CPU
		{C18A1CA6-5DCA-48FF-94C3-3E302E435265}.Debug|Any CPU.Build.0 = Debug|Any CPU
		{C18A1CA6-5DCA-48FF-94C3-3E302E435265}.Release|Any CPU.ActiveCfg = Release|Any CPU
		{C18A1CA6-5DCA-48FF-94C3-3E302E435265}.Release|Any CPU.Build.0 = Release|Any CPU
		{3A19781E-2816-4302-9150-50DC8352D17B}.Debug|Any CPU.ActiveCfg = Debug|Any CPU
		{3A19781E-2816-4302-9150-50DC8352D17B}.Debug|Any CPU.Build.0 = Debug|Any CPU
		{3A19781E-2816-4302-9150-50DC8352D17B}.Release|Any CPU.ActiveCfg = Release|Any CPU
		{3A19781E-2816-4302-9150-50DC8352D17B}.Release|Any CPU.Build.0 = Release|Any CPU
		{DB37F78F-A8A1-4ABA-B368-00E5949A6527}.Debug|Any CPU.ActiveCfg = Debug|Any CPU
		{DB37F78F-A8A1-4ABA-B368-00E5949A6527}.Debug|Any CPU.Build.0 = Debug|Any CPU
		{DB37F78F-A8A1-4ABA-B368-00E5949A6527}.Release|Any CPU.ActiveCfg = Release|Any CPU
		{DB37F78F-A8A1-4ABA-B368-00E5949A6527}.Release|Any CPU.Build.0 = Release|Any CPU
		{ADD55EFE-9064-4E23-A56A-96296CFB67EF}.Debug|Any CPU.ActiveCfg = Debug|Any CPU
		{ADD55EFE-9064-4E23-A56A-96296CFB67EF}.Debug|Any CPU.Build.0 = Debug|Any CPU
		{ADD55EFE-9064-4E23-A56A-96296CFB67EF}.Release|Any CPU.ActiveCfg = Release|Any CPU
		{ADD55EFE-9064-4E23-A56A-96296CFB67EF}.Release|Any CPU.Build.0 = Release|Any CPU
		{7A6B5401-FADF-4856-8EC6-3DEC944DE2AC}.Debug|Any CPU.ActiveCfg = Debug|Any CPU
		{7A6B5401-FADF-4856-8EC6-3DEC944DE2AC}.Debug|Any CPU.Build.0 = Debug|Any CPU
		{7A6B5401-FADF-4856-8EC6-3DEC944DE2AC}.Release|Any CPU.ActiveCfg = Release|Any CPU
		{7A6B5401-FADF-4856-8EC6-3DEC944DE2AC}.Release|Any CPU.Build.0 = Release|Any CPU
	EndGlobalSection
	GlobalSection(SolutionProperties) = preSolution
		HideSolutionNode = FALSE
	EndGlobalSection
EndGlobal
